
Microsoft Visual Studio Solution File, Format Version 12.00
# Visual Studio Version 17
VisualStudioVersion = 17.0.31903.59
MinimumVisualStudioVersion = 10.0.40219.1
Project("{2150E333-8FDC-42A3-9474-1A3956D46DE8}") = "src", "src", "{827E0CD3-B72D-47B6-A68D-7590B98EB39B}"
EndProject
Project("{FAE04EC0-301F-11D3-BF4B-00C04F79EFBC}") = "VisionFlowStudio.Core", "src\VisionFlowStudio.Core\VisionFlowStudio.Core.csproj", "{D67EB262-1E9B-4A0D-8EE1-5CAC9848C7EB}"
EndProject
Project("{FAE04EC0-301F-11D3-BF4B-00C04F79EFBC}") = "VisionFlowStudio.VisionMaster", "src\VisionFlowStudio.VisionMaster\VisionFlowStudio.VisionMaster.csproj", "{14587B85-AB40-4706-AC12-FF1AFFE90479}"
EndProject
Project("{FAE04EC0-301F-11D3-BF4B-00C04F79EFBC}") = "VisionFlowStudio.App", "src\VisionFlowStudio.App\VisionFlowStudio.App.csproj", "{644A5DAC-16BA-4D3A-84F3-2EC728DBCFB1}"
EndProject
Project("{FAE04EC0-301F-11D3-BF4B-00C04F79EFBC}") = "VisionFlowStudio.SmokeTests", "tests\VisionFlowStudio.SmokeTests\VisionFlowStudio.SmokeTests.csproj", "{8550A505-1707-4204-A2C5-5A1FD2CDA63D}"
EndProject
Project("{FAE04EC0-301F-11D3-BF4B-00C04F79EFBC}") = "VisionFlowStudio.VisionPro", "src\VisionFlowStudio.VisionPro\VisionFlowStudio.VisionPro.csproj", "{3D2AE5CF-9967-474C-87D6-F78CDD65988C}"
EndProject
Project("{FAE04EC0-301F-11D3-BF4B-00C04F79EFBC}") = "VisionFlowStudio.Halcon", "src\VisionFlowStudio.Halcon\VisionFlowStudio.Halcon.csproj", "{E714832D-9B80-4C93-95DE-E69386D47482}"
EndProject
Project("{FAE04EC0-301F-11D3-BF4B-00C04F79EFBC}") = "VisionFlowStudio.Cameras", "src\VisionFlowStudio.Cameras\VisionFlowStudio.Cameras.csproj", "{64A9DD98-63EF-4226-A5E4-AB7BEA80775B}"
EndProject
Project("{FAE04EC0-301F-11D3-BF4B-00C04F79EFBC}") = "VisionFlowStudio.Communications", "src\VisionFlowStudio.Communications\VisionFlowStudio.Communications.csproj", "{2C74E0A5-B94C-4835-B670-85A979B38282}"
EndProject
Project("{FAE04EC0-301F-11D3-BF4B-00C04F79EFBC}") = "VisionFlowStudio.Licensing", "src\VisionFlowStudio.Licensing\VisionFlowStudio.Licensing.csproj", "{40949A67-C9A8-01C0-16B9-6AF0104F69B9}"
EndProject
Global
	GlobalSection(SolutionConfigurationPlatforms) = preSolution
		Debug|Any CPU = Debug|Any CPU
		Debug|x64 = Debug|x64
		Debug|x86 = Debug|x86
		Release|Any CPU = Release|Any CPU
		Release|x64 = Release|x64
		Release|x86 = Release|x86
	EndGlobalSection
	GlobalSection(ProjectConfigurationPlatforms) = postSolution
		{D67EB262-1E9B-4A0D-8EE1-5CAC9848C7EB}.Debug|Any CPU.ActiveCfg = Debug|Any CPU
		{D67EB262-1E9B-4A0D-8EE1-5CAC9848C7EB}.Debug|Any CPU.Build.0 = Debug|Any CPU
		{D67EB262-1E9B-4A0D-8EE1-5CAC9848C7EB}.Debug|x64.ActiveCfg = Debug|Any CPU
		{D67EB262-1E9B-4A0D-8EE1-5CAC9848C7EB}.Debug|x64.Build.0 = Debug|Any CPU
		{D67EB262-1E9B-4A0D-8EE1-5CAC9848C7EB}.Debug|x86.ActiveCfg = Debug|Any CPU
		{D67EB262-1E9B-4A0D-8EE1-5CAC9848C7EB}.Debug|x86.Build.0 = Debug|Any CPU
		{D67EB262-1E9B-4A0D-8EE1-5CAC9848C7EB}.Release|Any CPU.ActiveCfg = Release|Any CPU
		{D67EB262-1E9B-4A0D-8EE1-5CAC9848C7EB}.Release|Any CPU.Build.0 = Release|Any CPU
		{D67EB262-1E9B-4A0D-8EE1-5CAC9848C7EB}.Release|x64.ActiveCfg = Release|Any CPU
		{D67EB262-1E9B-4A0D-8EE1-5CAC9848C7EB}.Release|x64.Build.0 = Release|Any CPU
		{D67EB262-1E9B-4A0D-8EE1-5CAC9848C7EB}.Release|x86.ActiveCfg = Release|Any CPU
		{D67EB262-1E9B-4A0D-8EE1-5CAC9848C7EB}.Release|x86.Build.0 = Release|Any CPU
		{14587B85-AB40-4706-AC12-FF1AFFE90479}.Debug|Any CPU.ActiveCfg = Debug|Any CPU
		{14587B85-AB40-4706-AC12-FF1AFFE90479}.Debug|Any CPU.Build.0 = Debug|Any CPU
		{14587B85-AB40-4706-AC12-FF1AFFE90479}.Debug|x64.ActiveCfg = Debug|Any CPU
		{14587B85-AB40-4706-AC12-FF1AFFE90479}.Debug|x64.Build.0 = Debug|Any CPU
		{14587B85-AB40-4706-AC12-FF1AFFE90479}.Debug|x86.ActiveCfg = Debug|Any CPU
		{14587B85-AB40-4706-AC12-FF1AFFE90479}.Debug|x86.Build.0 = Debug|Any CPU
		{14587B85-AB40-4706-AC12-FF1AFFE90479}.Release|Any CPU.ActiveCfg = Release|Any CPU
		{14587B85-AB40-4706-AC12-FF1AFFE90479}.Release|Any CPU.Build.0 = Release|Any CPU
		{14587B85-AB40-4706-AC12-FF1AFFE90479}.Release|x64.ActiveCfg = Release|Any CPU
		{14587B85-AB40-4706-AC12-FF1AFFE90479}.Release|x64.Build.0 = Release|Any CPU
		{14587B85-AB40-4706-AC12-FF1AFFE90479}.Release|x86.ActiveCfg = Release|Any CPU
		{14587B85-AB40-4706-AC12-FF1AFFE90479}.Release|x86.Build.0 = Release|Any CPU
		{644A5DAC-16BA-4D3A-84F3-2EC728DBCFB1}.Debug|Any CPU.ActiveCfg = Debug|Any CPU
		{644A5DAC-16BA-4D3A-84F3-2EC728DBCFB1}.Debug|Any CPU.Build.0 = Debug|Any CPU
		{644A5DAC-16BA-4D3A-84F3-2EC728DBCFB1}.Debug|x64.ActiveCfg = Debug|Any CPU
		{644A5DAC-16BA-4D3A-84F3-2EC728DBCFB1}.Debug|x64.Build.0 = Debug|Any CPU
		{644A5DAC-16BA-4D3A-84F3-2EC728DBCFB1}.Debug|x86.ActiveCfg = Debug|Any CPU
		{644A5DAC-16BA-4D3A-84F3-2EC728DBCFB1}.Debug|x86.Build.0 = Debug|Any CPU
		{644A5DAC-16BA-4D3A-84F3-2EC728DBCFB1}.Release|Any CPU.ActiveCfg = Release|Any CPU
		{644A5DAC-16BA-4D3A-84F3-2EC728DBCFB1}.Release|Any CPU.Build.0 = Release|Any CPU
		{644A5DAC-16BA-4D3A-84F3-2EC728DBCFB1}.Release|x64.ActiveCfg = Release|Any CPU
		{644A5DAC-16BA-4D3A-84F3-2EC728DBCFB1}.Release|x64.Build.0 = Release|Any CPU
		{644A5DAC-16BA-4D3A-84F3-2EC728DBCFB1}.Release|x86.ActiveCfg = Release|Any CPU
		{644A5DAC-16BA-4D3A-84F3-2EC728DBCFB1}.Release|x86.Build.0 = Release|Any CPU
		{8550A505-1707-4204-A2C5-5A1FD2CDA63D}.Debug|Any CPU.ActiveCfg = Debug|Any CPU
		{8550A505-1707-4204-A2C5-5A1FD2CDA63D}.Debug|Any CPU.Build.0 = Debug|Any CPU
		{8550A505-1707-4204-A2C5-5A1FD2CDA63D}.Debug|x64.ActiveCfg = Debug|Any CPU
		{8550A505-1707-4204-A2C5-5A1FD2CDA63D}.Debug|x64.Build.0 = Debug|Any CPU
		{8550A505-1707-4204-A2C5-5A1FD2CDA63D}.Debug|x86.ActiveCfg = Debug|Any CPU
		{8550A505-1707-4204-A2C5-5A1FD2CDA63D}.Debug|x86.Build.0 = Debug|Any CPU
		{8550A505-1707-4204-A2C5-5A1FD2CDA63D}.Release|Any CPU.ActiveCfg = Release|Any CPU
		{8550A505-1707-4204-A2C5-5A1FD2CDA63D}.Release|Any CPU.Build.0 = Release|Any CPU
		{8550A505-1707-4204-A2C5-5A1FD2CDA63D}.Release|x64.ActiveCfg = Release|Any CPU
		{8550A505-1707-4204-A2C5-5A1FD2CDA63D}.Release|x64.Build.0 = Release|Any CPU
		{8550A505-1707-4204-A2C5-5A1FD2CDA63D}.Release|x86.ActiveCfg = Release|Any CPU
		{8550A505-1707-4204-A2C5-5A1FD2CDA63D}.Release|x86.Build.0 = Release|Any CPU
		{3D2AE5CF-9967-474C-87D6-F78CDD65988C}.Debug|Any CPU.ActiveCfg = Debug|Any CPU
		{3D2AE5CF-9967-474C-87D6-F78CDD65988C}.Debug|Any CPU.Build.0 = Debug|Any CPU
		{3D2AE5CF-9967-474C-87D6-F78CDD65988C}.Debug|x64.ActiveCfg = Debug|Any CPU
		{3D2AE5CF-9967-474C-87D6-F78CDD65988C}.Debug|x64.Build.0 = Debug|Any CPU
		{3D2AE5CF-9967-474C-87D6-F78CDD65988C}.Debug|x86.ActiveCfg = Debug|Any CPU
		{3D2AE5CF-9967-474C-87D6-F78CDD65988C}.Debug|x86.Build.0 = Debug|Any CPU
		{3D2AE5CF-9967-474C-87D6-F78CDD65988C}.Release|Any CPU.ActiveCfg = Release|Any CPU
		{3D2AE5CF-9967-474C-87D6-F78CDD65988C}.Release|Any CPU.Build.0 = Release|Any CPU
		{3D2AE5CF-9967-474C-87D6-F78CDD65988C}.Release|x64.ActiveCfg = Release|Any CPU
		{3D2AE5CF-9967-474C-87D6-F78CDD65988C}.Release|x64.Build.0 = Release|Any CPU
		{3D2AE5CF-9967-474C-87D6-F78CDD65988C}.Release|x86.ActiveCfg = Release|Any CPU
		{3D2AE5CF-9967-474C-87D6-F78CDD65988C}.Release|x86.Build.0 = Release|Any CPU
		{E714832D-9B80-4C93-95DE-E69386D47482}.Debug|Any CPU.ActiveCfg = Debug|Any CPU
		{E714832D-9B80-4C93-95DE-E69386D47482}.Debug|Any CPU.Build.0 = Debug|Any CPU
		{E714832D-9B80-4C93-95DE-E69386D47482}.Debug|x64.ActiveCfg = Debug|Any CPU
		{E714832D-9B80-4C93-95DE-E69386D47482}.Debug|x64.Build.0 = Debug|Any CPU
		{E714832D-9B80-4C93-95DE-E69386D47482}.Debug|x86.ActiveCfg = Debug|Any CPU
		{E714832D-9B80-4C93-95DE-E69386D47482}.Debug|x86.Build.0 = Debug|Any CPU
		{E714832D-9B80-4C93-95DE-E69386D47482}.Release|Any CPU.ActiveCfg = Release|Any CPU
		{E714832D-9B80-4C93-95DE-E69386D47482}.Release|Any CPU.Build.0 = Release|Any CPU
		{E714832D-9B80-4C93-95DE-E69386D47482}.Release|x64.ActiveCfg = Release|Any CPU
		{E714832D-9B80-4C93-95DE-E69386D47482}.Release|x64.Build.0 = Release|Any CPU
		{E714832D-9B80-4C93-95DE-E69386D47482}.Release|x86.ActiveCfg = Release|Any CPU
		{E714832D-9B80-4C93-95DE-E69386D47482}.Release|x86.Build.0 = Release|Any CPU
		{64A9DD98-63EF-4226-A5E4-AB7BEA80775B}.Debug|Any CPU.ActiveCfg = Debug|Any CPU
		{64A9DD98-63EF-4226-A5E4-AB7BEA80775B}.Debug|Any CPU.Build.0 = Debug|Any CPU
		{64A9DD98-63EF-4226-A5E4-AB7BEA80775B}.Debug|x64.ActiveCfg = Debug|Any CPU
		{64A9DD98-63EF-4226-A5E4-AB7BEA80775B}.Debug|x64.Build.0 = Debug|Any CPU
		{64A9DD98-63EF-4226-A5E4-AB7BEA80775B}.Debug|x86.ActiveCfg = Debug|Any CPU
		{64A9DD98-63EF-4226-A5E4-AB7BEA80775B}.Debug|x86.Build.0 = Debug|Any CPU
		{64A9DD98-63EF-4226-A5E4-AB7BEA80775B}.Release|Any CPU.ActiveCfg = Release|Any CPU
		{64A9DD98-63EF-4226-A5E4-AB7BEA80775B}.Release|Any CPU.Build.0 = Release|Any CPU
		{64A9DD98-63EF-4226-A5E4-AB7BEA80775B}.Release|x64.ActiveCfg = Release|Any CPU
		{64A9DD98-63EF-4226-A5E4-AB7BEA80775B}.Release|x64.Build.0 = Release|Any CPU
		{64A9DD98-63EF-4226-A5E4-AB7BEA80775B}.Release|x86.ActiveCfg = Release|Any CPU
		{64A9DD98-63EF-4226-A5E4-AB7BEA80775B}.Release|x86.Build.0 = Release|Any CPU
		{2C74E0A5-B94C-4835-B670-85A979B38282}.Debug|Any CPU.ActiveCfg = Debug|Any CPU
		{2C74E0A5-B94C-4835-B670-85A979B38282}.Debug|Any CPU.Build.0 = Debug|Any CPU
		{2C74E0A5-B94C-4835-B670-85A979B38282}.Debug|x64.ActiveCfg = Debug|Any CPU
		{2C74E0A5-B94C-4835-B670-85A979B38282}.Debug|x64.Build.0 = Debug|Any CPU
		{2C74E0A5-B94C-4835-B670-85A979B38282}.Debug|x86.ActiveCfg = Debug|Any CPU
		{2C74E0A5-B94C-4835-B670-85A979B38282}.Debug|x86.Build.0 = Debug|Any CPU
		{2C74E0A5-B94C-4835-B670-85A979B38282}.Release|Any CPU.ActiveCfg = Release|Any CPU
		{2C74E0A5-B94C-4835-B670-85A979B38282}.Release|Any CPU.Build.0 = Release|Any CPU
		{2C74E0A5-B94C-4835-B670-85A979B38282}.Release|x64.ActiveCfg = Release|Any CPU
		{2C74E0A5-B94C-4835-B670-85A979B38282}.Release|x64.Build.0 = Release|Any CPU
		{2C74E0A5-B94C-4835-B670-85A979B38282}.Release|x86.ActiveCfg = Release|Any CPU
		{2C74E0A5-B94C-4835-B670-85A979B38282}.Release|x86.Build.0 = Release|Any CPU
		{40949A67-C9A8-01C0-16B9-6AF0104F69B9}.Debug|Any CPU.ActiveCfg = Debug|Any CPU
		{40949A67-C9A8-01C0-16B9-6AF0104F69B9}.Debug|Any CPU.Build.0 = Debug|Any CPU
		{40949A67-C9A8-01C0-16B9-6AF0104F69B9}.Debug|x64.ActiveCfg = Debug|Any CPU
		{40949A67-C9A8-01C0-16B9-6AF0104F69B9}.Debug|x64.Build.0 = Debug|Any CPU
		{40949A67-C9A8-01C0-16B9-6AF0104F69B9}.Debug|x86.ActiveCfg = Debug|Any CPU
		{40949A67-C9A8-01C0-16B9-6AF0104F69B9}.Debug|x86.Build.0 = Debug|Any CPU
		{40949A67-C9A8-01C0-16B9-6AF0104F69B9}.Release|Any CPU.ActiveCfg = Release|Any CPU
		{40949A67-C9A8-01C0-16B9-6AF0104F69B9}.Release|Any CPU.Build.0 = Release|Any CPU
		{40949A67-C9A8-01C0-16B9-6AF0104F69B9}.Release|x64.ActiveCfg = Release|Any CPU
		{40949A67-C9A8-01C0-16B9-6AF0104F69B9}.Release|x64.Build.0 = Release|Any CPU
		{40949A67-C9A8-01C0-16B9-6AF0104F69B9}.Release|x86.ActiveCfg = Release|Any CPU
		{40949A67-C9A8-01C0-16B9-6AF0104F69B9}.Release|x86.Build.0 = Release|Any CPU
	EndGlobalSection
	GlobalSection(SolutionProperties) = preSolution
		HideSolutionNode = FALSE
	EndGlobalSection
	GlobalSection(NestedProjects) = preSolution
		{D67EB262-1E9B-4A0D-8EE1-5CAC9848C7EB} = {827E0CD3-B72D-47B6-A68D-7590B98EB39B}
		{14587B85-AB40-4706-AC12-FF1AFFE90479} = {827E0CD3-B72D-47B6-A68D-7590B98EB39B}
		{644A5DAC-16BA-4D3A-84F3-2EC728DBCFB1} = {827E0CD3-B72D-47B6-A68D-7590B98EB39B}
		{8550A505-1707-4204-A2C5-5A1FD2CDA63D} = {827E0CD3-B72D-47B6-A68D-7590B98EB39B}
		{3D2AE5CF-9967-474C-87D6-F78CDD65988C} = {827E0CD3-B72D-47B6-A68D-7590B98EB39B}
		{E714832D-9B80-4C93-95DE-E69386D47482} = {827E0CD3-B72D-47B6-A68D-7590B98EB39B}
		{64A9DD98-63EF-4226-A5E4-AB7BEA80775B} = {827E0CD3-B72D-47B6-A68D-7590B98EB39B}
		{2C74E0A5-B94C-4835-B670-85A979B38282} = {827E0CD3-B72D-47B6-A68D-7590B98EB39B}
		{40949A67-C9A8-01C0-16B9-6AF0104F69B9} = {827E0CD3-B72D-47B6-A68D-7590B98EB39B}
	EndGlobalSection
EndGlobal
